
Microsoft Visual Studio Solution File, Format Version 12.00
# Visual Studio Version 17
VisualStudioVersion = 17.8.34525.116
MinimumVisualStudioVersion = 10.0.40219.1
Project("{FAE04EC0-301F-11D3-BF4B-00C04F79EFBC}") = "easycs", "easycs\easycs.csproj", "{5A546155-0BDB-4B47-B553-4047A890EB1B}"
EndProject
Project("{2150E333-8FDC-42A3-9474-1A3956D46DE8}") = "솔루션 항목", "솔루션 항목", "{6700C27F-C25C-445A-8D8A-964513F44952}"
EndProject
Global
	GlobalSection(SolutionConfigurationPlatforms) = preSolution
		Debug|Any CPU = Debug|Any CPU
		Release|Any CPU = Release|Any CPU
	EndGlobalSection
	GlobalSection(ProjectConfigurationPlatforms) = postSolution
		{5A546155-0BDB-4B47-B553-4047A890EB1B}.Debug|Any CPU.ActiveCfg = Debug|Any CPU
		{5A546155-0BDB-4B47-B553-4047A890EB1B}.Debug|Any CPU.Build.0 = Debug|Any CPU
		{5A546155-0BDB-4B47-B553-4047A890EB1B}.Release|Any CPU.ActiveCfg = Release|Any CPU
		{5A546155-0BDB-4B47-B553-4047A890EB1B}.Release|Any CPU.Build.0 = Release|Any CPU
	EndGlobalSection
	GlobalSection(SolutionProperties) = preSolution
		HideSolutionNode = FALSE
	EndGlobalSection
	GlobalSection(ExtensibilityGlobals) = postSolution
		SolutionGuid = {70B2FBCB-ABD6-40A9-A4EA-3911A331D94C}
	EndGlobalSection
EndGlobal
